
Microsoft Visual Studio Solution File, Format Version 12.00
# Visual Studio Version 16
VisualStudioVersion = 16.0.30128.74
MinimumVisualStudioVersion = 10.0.40219.1
Project("{9A19103F-16F7-4668-BE54-9A1E7A4F7556}") = "SmartHome", "SmartHome.csproj", "{09497F80-A225-4FB6-A356-66E82599E979}"
EndProject
Project("{9A19103F-16F7-4668-BE54-9A1E7A4F7556}") = "SmartHome.Tests", "..\SmartHome.Tests\SmartHome.Tests.csproj", "{62365230-B08E-4FC7-AAB0-DB4B31A02EF0}"
EndProject
Global
	GlobalSection(SolutionConfigurationPlatforms) = preSolution
		Debug|Any CPU = Debug|Any CPU
		Release|Any CPU = Release|Any CPU
	EndGlobalSection
	GlobalSection(ProjectConfigurationPlatforms) = postSolution
		{09497F80-A225-4FB6-A356-66E82599E979}.Debug|Any CPU.ActiveCfg = Debug|Any CPU
		{09497F80-A225-4FB6-A356-66E82599E979}.Debug|Any CPU.Build.0 = Debug|Any CPU
		{09497F80-A225-4FB6-A356-66E82599E979}.Release|Any CPU.ActiveCfg = Release|Any CPU
		{09497F80-A225-4FB6-A356-66E82599E979}.Release|Any CPU.Build.0 = Release|Any CPU
		{62365230-B08E-4FC7-AAB0-DB4B31A02EF0}.Debug|Any CPU.ActiveCfg = Debug|Any CPU
		{62365230-B08E-4FC7-AAB0-DB4B31A02EF0}.Debug|Any CPU.Build.0 = Debug|Any CPU
		{62365230-B08E-4FC7-AAB0-DB4B31A02EF0}.Release|Any CPU.ActiveCfg = Release|Any CPU
		{62365230-B08E-4FC7-AAB0-DB4B31A02EF0}.Release|Any CPU.Build.0 = Release|Any CPU
	EndGlobalSection
	GlobalSection(SolutionProperties) = preSolution
		HideSolutionNode = FALSE
	EndGlobalSection
	GlobalSection(ExtensibilityGlobals) = postSolution
		SolutionGuid = {CF29EA64-6850-4E01-AB6D-BA7026F4A476}
	EndGlobalSection
EndGlobal
